
Microsoft Visual Studio Solution File, Format Version 12.00
# Visual Studio Version 17
VisualStudioVersion = 17.7.34031.279
MinimumVisualStudioVersion = 10.0.40219.1
Project("{FAE04EC0-301F-11D3-BF4B-00C04F79EFBC}") = "Conditionals_Miller_Gabriella", "Conditionals_Miller_Gabriella\Conditionals_Miller_Gabriella.csproj", "{088FC9E1-AE84-47A9-9E3C-0192E749275A}"
EndProject
Global
	GlobalSection(SolutionConfigurationPlatforms) = preSolution
		Debug|Any CPU = Debug|Any CPU
		Release|Any CPU = Release|Any CPU
	EndGlobalSection
	GlobalSection(ProjectConfigurationPlatforms) = postSolution
		{088FC9E1-AE84-47A9-9E3C-0192E749275A}.Debug|Any CPU.ActiveCfg = Debug|Any CPU
		{088FC9E1-AE84-47A9-9E3C-0192E749275A}.Debug|Any CPU.Build.0 = Debug|Any CPU
		{088FC9E1-AE84-47A9-9E3C-0192E749275A}.Release|Any CPU.ActiveCfg = Release|Any CPU
		{088FC9E1-AE84-47A9-9E3C-0192E749275A}.Release|Any CPU.Build.0 = Release|Any CPU
	EndGlobalSection
	GlobalSection(SolutionProperties) = preSolution
		HideSolutionNode = FALSE
	EndGlobalSection
	GlobalSection(ExtensibilityGlobals) = postSolution
		SolutionGuid = {1C934A1A-154A-4C75-80BF-2D5540EADBBA}
	EndGlobalSection
EndGlobal
